
Microsoft Visual Studio Solution File, Format Version 12.00
# Visual Studio Version 17
VisualStudioVersion = 17.10.34814.14
MinimumVisualStudioVersion = 10.0.40219.1
Project("{FAE04EC0-301F-11D3-BF4B-00C04F79EFBC}") = "CargoTrekker", "CargoTrekker\CargoTrekker.csproj", "{4421A771-B771-400D-B522-EED3FD4B1370}"
EndProject
Project("{FAE04EC0-301F-11D3-BF4B-00C04F79EFBC}") = "CargoTrekker.Domain", "CargoTrekker.Domain\CargoTrekker.Domain.csproj", "{9A42B697-0A01-4A91-B7F6-E0034C94C919}"
EndProject
Project("{FAE04EC0-301F-11D3-BF4B-00C04F79EFBC}") = "CargoTrekker.Domain.UnitTests", "CargoTrekker.Domain.UnitTests\CargoTrekker.Domain.UnitTests.csproj", "{9B2D5D60-0209-4AB5-89F5-874837D5720A}"
EndProject
Project("{FAE04EC0-301F-11D3-BF4B-00C04F79EFBC}") = "CargoTrekker.Presentation", "CargoTrekker.Presentation\CargoTrekker.Presentation.csproj", "{DEBF1B65-B685-412A-997F-50ECCABB6E25}"
EndProject
Global
	GlobalSection(SolutionConfigurationPlatforms) = preSolution
		Debug|Any CPU = Debug|Any CPU
		Release|Any CPU = Release|Any CPU
	EndGlobalSection
	GlobalSection(ProjectConfigurationPlatforms) = postSolution
		{4421A771-B771-400D-B522-EED3FD4B1370}.Debug|Any CPU.ActiveCfg = Debug|Any CPU
		{4421A771-B771-400D-B522-EED3FD4B1370}.Debug|Any CPU.Build.0 = Debug|Any CPU
		{4421A771-B771-400D-B522-EED3FD4B1370}.Release|Any CPU.ActiveCfg = Release|Any CPU
		{4421A771-B771-400D-B522-EED3FD4B1370}.Release|Any CPU.Build.0 = Release|Any CPU
		{9A42B697-0A01-4A91-B7F6-E0034C94C919}.Debug|Any CPU.ActiveCfg = Debug|Any CPU
		{9A42B697-0A01-4A91-B7F6-E0034C94C919}.Debug|Any CPU.Build.0 = Debug|Any CPU
		{9A42B697-0A01-4A91-B7F6-E0034C94C919}.Release|Any CPU.ActiveCfg = Release|Any CPU
		{9A42B697-0A01-4A91-B7F6-E0034C94C919}.Release|Any CPU.Build.0 = Release|Any CPU
		{9B2D5D60-0209-4AB5-89F5-874837D5720A}.Debug|Any CPU.ActiveCfg = Debug|Any CPU
		{9B2D5D60-0209-4AB5-89F5-874837D5720A}.Debug|Any CPU.Build.0 = Debug|Any CPU
		{9B2D5D60-0209-4AB5-89F5-874837D5720A}.Release|Any CPU.ActiveCfg = Release|Any CPU
		{9B2D5D60-0209-4AB5-89F5-874837D5720A}.Release|Any CPU.Build.0 = Release|Any CPU
		{DEBF1B65-B685-412A-997F-50ECCABB6E25}.Debug|Any CPU.ActiveCfg = Debug|Any CPU
		{DEBF1B65-B685-412A-997F-50ECCABB6E25}.Debug|Any CPU.Build.0 = Debug|Any CPU
		{DEBF1B65-B685-412A-997F-50ECCABB6E25}.Release|Any CPU.ActiveCfg = Release|Any CPU
		{DEBF1B65-B685-412A-997F-50ECCABB6E25}.Release|Any CPU.Build.0 = Release|Any CPU
	EndGlobalSection
	GlobalSection(SolutionProperties) = preSolution
		HideSolutionNode = FALSE
	EndGlobalSection
	GlobalSection(ExtensibilityGlobals) = postSolution
		SolutionGuid = {93E1C5C8-C5B4-4133-9B0A-FF0A37309421}
	EndGlobalSection
EndGlobal
